
Microsoft Visual Studio Solution File, Format Version 12.00
# Visual Studio Version 16
VisualStudioVersion = 16.0.30128.74
MinimumVisualStudioVersion = 10.0.40219.1
Project("{FAE04EC0-301F-11D3-BF4B-00C04F79EFBC}") = "AssemblyBrowserLib", "AssemblyBrowserLib\AssemblyBrowserLib.csproj", "{EFBE630C-5D04-4498-97C1-358DC83C0960}"
EndProject
Project("{FAE04EC0-301F-11D3-BF4B-00C04F79EFBC}") = "AssemblyBrowserWPF", "AssemblyBrowserWPF\AssemblyBrowserWPF.csproj", "{635993F2-ED38-4D1F-BF93-AB17F9258C0D}"
EndProject
Global
	GlobalSection(SolutionConfigurationPlatforms) = preSolution
		Debug|Any CPU = Debug|Any CPU
		Release|Any CPU = Release|Any CPU
	EndGlobalSection
	GlobalSection(ProjectConfigurationPlatforms) = postSolution
		{EFBE630C-5D04-4498-97C1-358DC83C0960}.Debug|Any CPU.ActiveCfg = Debug|Any CPU
		{EFBE630C-5D04-4498-97C1-358DC83C0960}.Debug|Any CPU.Build.0 = Debug|Any CPU
		{EFBE630C-5D04-4498-97C1-358DC83C0960}.Release|Any CPU.ActiveCfg = Release|Any CPU
		{EFBE630C-5D04-4498-97C1-358DC83C0960}.Release|Any CPU.Build.0 = Release|Any CPU
		{635993F2-ED38-4D1F-BF93-AB17F9258C0D}.Debug|Any CPU.ActiveCfg = Debug|Any CPU
		{635993F2-ED38-4D1F-BF93-AB17F9258C0D}.Debug|Any CPU.Build.0 = Debug|Any CPU
		{635993F2-ED38-4D1F-BF93-AB17F9258C0D}.Release|Any CPU.ActiveCfg = Release|Any CPU
		{635993F2-ED38-4D1F-BF93-AB17F9258C0D}.Release|Any CPU.Build.0 = Release|Any CPU
	EndGlobalSection
	GlobalSection(SolutionProperties) = preSolution
		HideSolutionNode = FALSE
	EndGlobalSection
	GlobalSection(ExtensibilityGlobals) = postSolution
		SolutionGuid = {09DFF77B-005B-4149-91A4-4C0A5EDFECE2}
	EndGlobalSection
EndGlobal
